PODS:
  - OAuthSwift (1.2.2)
  - Realm (3.12.0):
    - Realm/Headers (= 3.12.0)
  - Realm/Headers (3.12.0)
  - RealmSwift (3.12.0):
    - Realm (= 3.12.0)

DEPENDENCIES:
  - OAuthSwift
  - RealmSwift

SPEC REPOS:
  https://github.com/cocoapods/specs.git:
    - OAuthSwift
    - Realm
    - RealmSwift

SPEC CHECKSUMS:
  OAuthSwift: 27b34fe80b76b67cd8f45571e0be2432bc9f6de1
  Realm: cdaef23c4ddb36ab1ddffed23f5a7f3332fc5585
  RealmSwift: 5576324033f0aa5ef1e0a839a3da2281dff47a7f

PODFILE CHECKSUM: 692c769c6c0f0767e64adde6104a1147de91e930

COCOAPODS: 1.5.3
